version = 1
revision = 3
requires-python = "==3.13.*"

[[package]]
name = "anyio"
version = "4.12.1"
source = { registry = "https://pypi.org/simple" }
dependencies = [
    { name = "idna" },
]
sdist = { url = "https://files.pythonhosted.org/packages/96/f0/5eb65b2bb0d09ac6776f2eb54adee6abe8228ea05b20a5ad0e4945de8aac/anyio-4.12.1.tar.gz", hash = "sha256:41cfcc3a4c85d3f05c932da7c26d0201ac36f72abd4435ba90d0464a3ffed703", size = 228685, upload-time = "2026-01-06T11:45:21.246Z" }
wheels = [
    { url = "https://files.pythonhosted.org/packages/38/0e/27be9fdef66e72d64c0cdc3cc2823101b80585f8119b5c112c2e8f5f7dab/anyio-4.12.1-py3-none-any.whl", hash = "sha256:d405828884fc140aa80a3c667b8beed277f1dfedec42ba031bd6ac3db606ab6c", size = 113592, upload-time = "2026-01-06T11:45:19.497Z" },
]

[[package]]
name = "argparse"
version = "1.4.0"
source = { registry = "https://pypi.org/simple" }
sdist = { url = "https://files.pythonhosted.org/packages/18/dd/e617cfc3f6210ae183374cd9f6a26b20514bbb5a792af97949c5aacddf0f/argparse-1.4.0.tar.gz", hash = "sha256:62b089a55be1d8949cd2bc7e0df0bddb9e028faefc8c32038cc84862aefdd6e4", size = 70508, upload-time = "2015-09-12T20:22:16.217Z" }
wheels = [
    { url = "https://files.pythonhosted.org/packages/f2/94/3af39d34be01a24a6e65433d19e107099374224905f1e0cc6bbe1fd22a2f/argparse-1.4.0-py2.py3-none-any.whl", hash = "sha256:c31647edb69fd3d465a847ea3157d37bed1f95f19760b11a47aa91c04b666314", size = 23000, upload-time = "2015-09-14T16:03:16.137Z" },
]

[[package]]
name = "certifi"
version = "2026.1.4"
source = { registry = "https://pypi.org/simple" }
sdist = { url = "https://files.pythonhosted.org/packages/e0/2d/a891ca51311197f6ad14a7ef42e2399f36cf2f9bd44752b3dc4eab60fdc5/certifi-2026.1.4.tar.gz", hash = "sha256:ac726dd470482006e014ad384921ed6438c457018f4b3d204aea4281258b2120", size = 154268, upload-time = "2026-01-04T02:42:41.825Z" }
wheels = [
    { url = "https://files.pythonhosted.org/packages/e6/ad/3cc14f097111b4de0040c83a525973216457bbeeb63739ef1ed275c1c021/certifi-2026.1.4-py3-none-any.whl", hash = "sha256:9943707519e4add1115f44c2bc244f782c0249876bf51b6599fee1ffbedd685c", size = 152900, upload-time = "2026-01-04T02:42:40.15Z" },
]

[[package]]
name = "flet"
version = "0.80.5"
source = { registry = "https://pypi.org/simple" }
dependencies = [
    { name = "httpx", marker = "platform_system != 'Pyodide'" },
    { name = "msgpack" },
    { name = "oauthlib", marker = "platform_system != 'Pyodide'" },
    { name = "repath" },
]
sdist = { url = "https://files.pythonhosted.org/packages/32/79/5b4e98933b77030f5fafc0ae75fd9a62891712fa8b81280a362eefbb1fcb/flet-0.80.5.tar.gz", hash = "sha256:9317dba543cf6a8773f991d08c570bee377cc916780ed57362114e4777c1ea5c", size = 391425, upload-time = "2026-01-30T00:43:28.017Z" }
wheels = [
    { url = "https://files.pythonhosted.org/packages/a5/55/71f796477263f76b2e25b21dab24ed4acb1988199ff6bc0d9640cdda16a1/flet-0.80.5-py3-none-any.whl", hash = "sha256:8ce4cde04fa698515d273b8dcb6261a873e965c493740c590ca09b8e698cae16", size = 484605, upload-time = "2026-01-30T00:43:26.198Z" },
]

[package.optional-dependencies]
desktop = [
    { name = "flet-desktop", marker = "sys_platform == 'darwin' or sys_platform == 'win32'" },
    { name = "flet-desktop-light", marker = "sys_platform == 'linux'" },
]

[[package]]
name = "flet-desktop"
version = "0.80.5"
source = { registry = "https://pypi.org/simple" }
dependencies = [
    { name = "flet" },
]
sdist = { url = "https://files.pythonhosted.org/packages/82/16/214fdc1d87b22380352e895cf06ea861aa4c26de3b7bbdaa23c64322ebb8/flet_desktop-0.80.5.tar.gz", hash = "sha256:f2754b559fd779bad1c342c533c27b3df0ffa79ddbe3846e2c5d56a2edf62655", size = 3224, upload-time = "2026-01-30T00:43:32.149Z" }
wheels = [
    { url = "https://files.pythonhosted.org/packages/30/ab/67dbd8502687a0ce30f72d56172b8c8646496bb176fc277e62277d3c751c/flet_desktop-0.80.5-py3-none-macosx_12_0_arm64.whl", hash = "sha256:943f04d8174b53e012ca104060a79e7a932c5d557c5fa8f97b02d9bd99382d24", size = 50806420, upload-time = "2026-01-30T00:43:34.776Z" },
    { url = "https://files.pythonhosted.org/packages/89/c2/0dbbd5899381e10f3ed786bc70823be7952d11ca486b2a2a218ecc364bc0/flet_desktop-0.80.5-py3-none-macosx_12_0_x86_64.whl", hash = "sha256:59f376d81c4a30e44505cce8ccc06336a48b1b92787e8adae6c68a26f806ebde", size = 50806422, upload-time = "2026-01-30T00:44:03.391Z" },
    { url = "https://files.pythonhosted.org/packages/ad/fc/f7fee861483ce1166334125579d1108892016259ef36dfe62fc4a8bbcd62/flet_desktop-0.80.5-py3-none-win_amd64.whl", hash = "sha256:c2a87564cf362394f23aa2f09a9c07eabdcfc8a4b65ae4d3e875734d0f126196", size = 39529815, upload-time = "2026-01-30T00:43:55.59Z" },
]

[[package]]
name = "flet-desktop-light"
version = "0.80.5"
source = { registry = "https://pypi.org/simple" }
dependencies = [
    { name = "flet" },
]
sdist = { url = "https://files.pythonhosted.org/packages/d4/43/50a693fd80a28dd7a1b30a3896953c54602e32156c2551a53e17a188827f/flet_desktop_light-0.80.5.tar.gz", hash = "sha256:7110c89149893dfe7c35c349dd1cd6d4b813be5504a4a1e5f3fcb7da74a186e3", size = 1047, upload-time = "2026-01-30T00:44:34.459Z" }
wheels = [
    { url = "https://files.pythonhosted.org/packages/cf/81/fa31a1422cd678d9519febafcf0ef5e0cf97dfaf6380ed316a29c01ad7f7/flet_desktop_light-0.80.5-py3-none-manylinux_2_28_aarch64.whl", hash = "sha256:468baaf55ba00c9bb621f547b748dc81e6446870470603f548b465e1124fea51", size = 20243155, upload-time = "2026-01-30T00:44:24.513Z" },
    { url = "https://files.pythonhosted.org/packages/a3/7f/85c2efd13106c52a8b04448e2331a0f59b0ab5d058823c2daf40945ff8dc/flet_desktop_light-0.80.5-py3-none-manylinux_2_28_x86_64.whl", hash = "sha256:fb23fcff1108317bdedd7894351116ab5590de149a6b2eb9c06586ecd11e7515", size = 20588381, upload-time = "2026-01-30T00:44:38.359Z" },
    { url = "https://files.pythonhosted.org/packages/51/37/db52744253ea657c6a02779daaa56c3f72febad941e0cf9b6871d4f8c678/flet_desktop_light-0.80.5-py3-none-manylinux_2_31_aarch64.whl", hash = "sha256:18cb1da3169bcb94a4507b16c90e7978393f0fbb4d34515be0542897f695268e", size = 20250792, upload-time = "2026-01-30T00:44:30.393Z" },
    { url = "https://files.pythonhosted.org/packages/be/af/d7fba62d6fc19c30b2b9dec0c6c08f95fe83488b04def71a6177d9e3e73f/flet_desktop_light-0.80.5-py3-none-manylinux_2_31_x86_64.whl", hash = "sha256:b418dab492b45e7903812e580b10c9c67679c2b7e07377e8ae188f436a865d5f", size = 20582241, upload-time = "2026-01-30T00:44:21.993Z" },
    { url = "https://files.pythonhosted.org/packages/7d/8c/113e056ad6e2d81089520fca1b560d7acbf62dc6ede978f550137fa32439/flet_desktop_light-0.80.5-py3-none-manylinux_2_35_aarch64.whl", hash = "sha256:2dde186084ae30ff03ae187e2d205c162e356ce12a95ff44d94c2a4cade82130", size = 20245238, upload-time = "2026-01-30T00:44:41.178Z" },
    { url = "https://files.pythonhosted.org/packages/bf/5b/251b1bb0de5717f5e22fc9f4d2b318e805e60ab23d5242ab297f805a73ea/flet_desktop_light-0.80.5-py3-none-manylinux_2_35_x86_64.whl", hash = "sha256:6358756f2fbac1b2a7b224399a9327caf1d669a894b35ba8dfaaae3d3141ac44", size = 20583078, upload-time = "2026-01-30T00:44:26.905Z" },
    { url = "https://files.pythonhosted.org/packages/c6/a9/156181de751e1ea80a79517b5aca2d0fcc9f6ee2b3b29ce9a3b95e012161/flet_desktop_light-0.80.5-py3-none-manylinux_2_36_aarch64.whl", hash = "sha256:cccb36366bc483d1a33d6b687a603ae694f96e11a75e8e4fb6e7c132246e5675", size = 20257073, upload-time = "2026-01-30T00:44:36.061Z" },
    { url = "https://files.pythonhosted.org/packages/c5/12/9a3ef9860de45431b5397e150f1bbe2620e1e0d27794f35b5151dabd0e50/flet_desktop_light-0.80.5-py3-none-manylinux_2_36_x86_64.whl", hash = "sha256:c7a099372f46a3a072347fe5b40d1fab682a67cd5c2fd5cb03b2d34e7c4d842f", size = 20582748, upload-time = "2026-01-30T00:44:17.053Z" },
    { url = "https://files.pythonhosted.org/packages/6d/ff/faeb75b85576c81172b22796dea7a9cdec6a8a942e46bb3a136f7ee0db96/flet_desktop_light-0.80.5-py3-none-manylinux_2_39_aarch64.whl", hash = "sha256:c7478a74cb77e48824c9df2999d0cbb256d0862782266926ca998dc1e979501a", size = 20259357, upload-time = "2026-01-30T00:44:19.578Z" },
    { url = "https://files.pythonhosted.org/packages/1d/23/e5e2681ac58f98df545ec8fecfea6f76e4e3133345f3bfe16abd41c85bf3/flet_desktop_light-0.80.5-py3-none-manylinux_2_39_x86_64.whl", hash = "sha256:6c7c0fcce654b2ee6098265b91b915dec68c86a156ed1376613ce72dede900e7", size = 20582322, upload-time = "2026-01-30T00:44:32.701Z" },
]

[[package]]
name = "h11"
version = "0.16.0"
source = { registry = "https://pypi.org/simple" }
sdist = { url = "https://files.pythonhosted.org/packages/01/ee/02a2c011bdab74c6fb3c75474d40b3052059d95df7e73351460c8588d963/h11-0.16.0.tar.gz", hash = "sha256:4e35b956cf45792e4caa5885e69fba00bdbc6ffafbfa020300e549b208ee5ff1", size = 101250, upload-time = "2025-04-24T03:35:25.427Z" }
wheels = [
    { url = "https://files.pythonhosted.org/packages/04/4b/29cac41a4d98d144bf5f6d33995617b185d14b22401f75ca86f384e87ff1/h11-0.16.0-py3-none-any.whl", hash = "sha256:63cf8bbe7522de3bf65932fda1d9c2772064ffb3dae62d55932da54b31cb6c86", size = 37515, upload-time = "2025-04-24T03:35:24.344Z" },
]

[[package]]
name = "httpcore"
version = "1.0.9"
source = { registry = "https://pypi.org/simple" }
dependencies = [
    { name = "certifi" },
    { name = "h11" },
]
sdist = { url = "https://files.pythonhosted.org/packages/06/94/82699a10bca87a5556c9c59b5963f2d039dbd239f25bc2a63907a05a14cb/httpcore-1.0.9.tar.gz", hash = "sha256:6e34463af53fd2ab5d807f399a9b45ea31c3dfa2276f15a2c3f00afff6e176e8", size = 85484, upload-time = "2025-04-24T22:06:22.219Z" }
wheels = [
    { url = "https://files.pythonhosted.org/packages/7e/f5/f66802a942d491edb555dd61e3a9961140fd64c90bce1eafd741609d334d/httpcore-1.0.9-py3-none-any.whl", hash = "sha256:2d400746a40668fc9dec9810239072b40b4484b640a8c38fd654a024c7a1bf55", size = 78784, upload-time = "2025-04-24T22:06:20.566Z" },
]

[[package]]
name = "httpx"
version = "0.28.1"
source = { registry = "https://pypi.org/simple" }
dependencies = [
    { name = "anyio" },
    { name = "certifi" },
    { name = "httpcore" },
    { name = "idna" },
]
sdist = { url = "https://files.pythonhosted.org/packages/b1/df/48c586a5fe32a0f01324ee087459e112ebb7224f646c0b5023f5e79e9956/httpx-0.28.1.tar.gz", hash = "sha256:75e98c5f16b0f35b567856f597f06ff2270a374470a5c2392242528e3e3e42fc", size = 141406, upload-time = "2024-12-06T15:37:23.222Z" }
wheels = [
    { url = "https://files.pythonhosted.org/packages/2a/39/e50c7c3a983047577ee07d2a9e53faf5a69493943ec3f6a384bdc792deb2/httpx-0.28.1-py3-none-any.whl", hash = "sha256:d909fcccc110f8c7faf814ca82a9a4d816bc5a6dbfea25d6591d6985b8ba59ad", size = 73517, upload-time = "2024-12-06T15:37:21.509Z" },
]

[[package]]
name = "idna"
version = "3.11"
source = { registry = "https://pypi.org/simple" }
sdist = { url = "https://files.pythonhosted.org/packages/6f/6d/0703ccc57f3a7233505399edb88de3cbd678da106337b9fcde432b65ed60/idna-3.11.tar.gz", hash = "sha256:795dafcc9c04ed0c1fb032c2aa73654d8e8c5023a7df64a53f39190ada629902", size = 194582, upload-time = "2025-10-12T14:55:20.501Z" }
wheels = [
    { url = "https://files.pythonhosted.org/packages/0e/61/66938bbb5fc52dbdf84594873d5b51fb1f7c7794e9c0f5bd885f30bc507b/idna-3.11-py3-none-any.whl", hash = "sha256:771a87f49d9defaf64091e6e6fe9c18d4833f140bd19464795bc32d966ca37ea", size = 71008, upload-time = "2025-10-12T14:55:18.883Z" },
]

[[package]]
name = "imagehash"
version = "4.3.2"
source = { registry = "https://pypi.org/simple" }
dependencies = [
    { name = "numpy" },
    { name = "pillow" },
    { name = "pywavelets" },
    { name = "scipy" },
]
sdist = { url = "https://files.pythonhosted.org/packages/cd/de/5c0189b0582e21583c2a213081c35a2501c0f9e51f21f6a52f55fbb9a4ff/ImageHash-4.3.2.tar.gz", hash = "sha256:e54a79805afb82a34acde4746a16540503a9636fd1ffb31d8e099b29bbbf8156", size = 303190, upload-time = "2025-02-01T08:45:39.328Z" }
wheels = [
    { url = "https://files.pythonhosted.org/packages/31/2c/5f0903a53a62029875aaa3884c38070cc388248a2c1b9aa935632669e5a7/ImageHash-4.3.2-py2.py3-none-any.whl", hash = "sha256:02b0f965f8c77cd813f61d7d39031ea27d4780e7ebcad56c6cd6a709acc06e5f", size = 296657, upload-time = "2025-02-01T08:45:36.102Z" },
]

[[package]]
name = "img-tools"
version = "0.1.0"
source = { virtual = "." }
dependencies = [
    { name = "argparse" },
    { name = "flet", extra = ["desktop"] },
    { name = "imagehash" },
    { name = "numpy" },
    { name = "pillow" },
]

[package.metadata]
requires-dist = [
    { name = "argparse", specifier = ">=1.4.0" },
    { name = "flet", extras = ["desktop"], specifier = ">=0.80.5" },
    { name = "imagehash", specifier = ">=4.3.2" },
    { name = "numpy", specifier = ">=2.4.1" },
    { name = "pillow", specifier = ">=12.1.0" },
]

[[package]]
name = "msgpack"
version = "1.1.2"
source = { registry = "https://pypi.org/simple" }
sdist = { url = "https://files.pythonhosted.org/packages/4d/f2/bfb55a6236ed8725a96b0aa3acbd0ec17588e6a2c3b62a93eb513ed8783f/msgpack-1.1.2.tar.gz", hash = "sha256:3b60763c1373dd60f398488069bcdc703cd08a711477b5d480eecc9f9626f47e", size = 173581, upload-time = "2025-10-08T09:15:56.596Z" }
wheels = [
    { url = "https://files.pythonhosted.org/packages/6b/31/b46518ecc604d7edf3a4f94cb3bf021fc62aa301f0cb849936968164ef23/msgpack-1.1.2-cp313-cp313-macosx_10_13_x86_64.whl", hash = "sha256:4efd7b5979ccb539c221a4c4e16aac1a533efc97f3b759bb5a5ac9f6d10383bf", size = 81212, upload-time = "2025-10-08T09:15:14.552Z" },
    { url = "https://files.pythonhosted.org/packages/92/dc/c385f38f2c2433333345a82926c6bfa5ecfff3ef787201614317b58dd8be/msgpack-1.1.2-cp313-cp313-macosx_11_0_arm64.whl", hash = "sha256:42eefe2c3e2af97ed470eec850facbe1b5ad1d6eacdbadc42ec98e7dcf68b4b7", size = 84315, upload-time = "2025-10-08T09:15:15.543Z" },
    { url = "https://files.pythonhosted.org/packages/d3/68/93180dce57f684a61a88a45ed13047558ded2be46f03acb8dec6d7c513af/msgpack-1.1.2-cp313-cp313-manylinux2014_aarch64.manylinux_2_17_aarch64.manylinux_2_28_aarch64.whl", hash = "sha256:1fdf7d83102bf09e7ce3357de96c59b627395352a4024f6e2458501f158bf999", size = 412721, upload-time = "2025-10-08T09:15:16.567Z" },
    { url = "https://files.pythonhosted.org/packages/5d/ba/459f18c16f2b3fc1a1ca871f72f07d70c07bf768ad0a507a698b8052ac58/msgpack-1.1.2-cp313-cp313-manylinux2014_x86_64.manylinux_2_17_x86_64.manylinux_2_28_x86_64.whl", hash = "sha256:fac4be746328f90caa3cd4bc67e6fe36ca2bf61d5c6eb6d895b6527e3f05071e", size = 424657, upload-time = "2025-10-08T09:15:17.825Z" },
    { url = "https://files.pythonhosted.org/packages/38/f8/4398c46863b093252fe67368b44edc6c13b17f4e6b0e4929dbf0bdb13f23/msgpack-1.1.2-cp313-cp313-musllinux_1_2_aarch64.whl", hash = "sha256:fffee09044073e69f2bad787071aeec727183e7580443dfeb8556cbf1978d162", size = 402668, upload-time = "2025-10-08T09:15:19.003Z" },
    { url = "https://files.pythonhosted.org/packages/28/ce/698c1eff75626e4124b4d78e21cca0b4cc90043afb80a507626ea354ab52/msgpack-1.1.2-cp313-cp313-musllinux_1_2_x86_64.whl", hash = "sha256:5928604de9b032bc17f5099496417f113c45bc6bc21b5c6920caf34b3c428794", size = 419040, upload-time = "2025-10-08T09:15:20.183Z" },
    { url = "https://files.pythonhosted.org/packages/67/32/f3cd1667028424fa7001d82e10ee35386eea1408b93d399b09fb0aa7875f/msgpack-1.1.2-cp313-cp313-win32.whl", hash = "sha256:a7787d353595c7c7e145e2331abf8b7ff1e6673a6b974ded96e6d4ec09f00c8c", size = 65037, upload-time = "2025-10-08T09:15:21.416Z" },
    { url = "https://files.pythonhosted.org/packages/74/07/1ed8277f8653c40ebc65985180b007879f6a836c525b3885dcc6448ae6cb/msgpack-1.1.2-cp313-cp313-win_amd64.whl", hash = "sha256:a465f0dceb8e13a487e54c07d04ae3ba131c7c5b95e2612596eafde1dccf64a9", size = 72631, upload-time = "2025-10-08T09:15:22.431Z" },
    { url = "https://files.pythonhosted.org/packages/e5/db/0314e4e2db56ebcf450f277904ffd84a7988b9e5da8d0d61ab2d057df2b6/msgpack-1.1.2-cp313-cp313-win_arm64.whl", hash = "sha256:e69b39f8c0aa5ec24b57737ebee40be647035158f14ed4b40e6f150077e21a84", size = 64118, upload-time = "2025-10-08T09:15:23.402Z" },
]

[[package]]
name = "numpy"
version = "2.4.2"
source = { registry = "https://pypi.org/simple" }
sdist = { url = "https://files.pythonhosted.org/packages/57/fd/0005efbd0af48e55eb3c7208af93f2862d4b1a56cd78e84309a2d959208d/numpy-2.4.2.tar.gz", hash = "sha256:659a6107e31a83c4e33f763942275fd278b21d095094044eb35569e86a21ddae", size = 20723651, upload-time = "2026-01-31T23:13:10.135Z" }
wheels = [
    { url = "https://files.pythonhosted.org/packages/a1/22/815b9fe25d1d7ae7d492152adbc7226d3eff731dffc38fe970589fcaaa38/numpy-2.4.2-cp313-cp313-macosx_10_13_x86_64.whl", hash = "sha256:25f2059807faea4b077a2b6837391b5d830864b3543627f381821c646f31a63c", size = 16663696, upload-time = "2026-01-31T23:11:17.516Z" },
    { url = "https://files.pythonhosted.org/packages/09/f0/817d03a03f93ba9c6c8993de509277d84e69f9453601915e4a69554102a1/numpy-2.4.2-cp313-cp313-macosx_11_0_arm64.whl", hash = "sha256:bd3a7a9f5847d2fb8c2c6d1c862fa109c31a9abeca1a3c2bd5a64572955b2979", size = 14688322, upload-time = "2026-01-31T23:11:19.883Z" },
    { url = "https://files.pythonhosted.org/packages/da/b4/f805ab79293c728b9a99438775ce51885fd4f31b76178767cfc718701a39/numpy-2.4.2-cp313-cp313-macosx_14_0_arm64.whl", hash = "sha256:8e4549f8a3c6d13d55041925e912bfd834285ef1dd64d6bc7d542583355e2e98", size = 5198157, upload-time = "2026-01-31T23:11:22.375Z" },
    { url = "https://files.pythonhosted.org/packages/74/09/826e4289844eccdcd64aac27d13b0fd3f32039915dd5b9ba01baae1f436c/numpy-2.4.2-cp313-cp313-macosx_14_0_x86_64.whl", hash = "sha256:aea4f66ff44dfddf8c2cffd66ba6538c5ec67d389285292fe428cb2c738c8aef", size = 6546330, upload-time = "2026-01-31T23:11:23.958Z" },
    { url = "https://files.pythonhosted.org/packages/19/fb/cbfdbfa3057a10aea5422c558ac57538e6acc87ec1669e666d32ac198da7/numpy-2.4.2-cp313-cp313-manylinux_2_27_aarch64.manylinux_2_28_aarch64.whl", hash = "sha256:c3cd545784805de05aafe1dde61752ea49a359ccba9760c1e5d1c88a93bbf2b7", size = 15660968, upload-time = "2026-01-31T23:11:25.713Z" },
    { url = "https://files.pythonhosted.org/packages/04/dc/46066ce18d01645541f0186877377b9371b8fa8017fa8262002b4ef22612/numpy-2.4.2-cp313-cp313-manylinux_2_27_x86_64.manylinux_2_28_x86_64.whl", hash = "sha256:d0d9b7c93578baafcbc5f0b83eaf17b79d345c6f36917ba0c67f45226911d499", size = 16607311, upload-time = "2026-01-31T23:11:28.117Z" },
    { url = "https://files.pythonhosted.org/packages/14/d9/4b5adfc39a43fa6bf918c6d544bc60c05236cc2f6339847fc5b35e6cb5b0/numpy-2.4.2-cp313-cp313-musllinux_1_2_aarch64.whl", hash = "sha256:f74f0f7779cc7ae07d1810aab8ac6b1464c3eafb9e283a40da7309d5e6e48fbb", size = 17012850, upload-time = "2026-01-31T23:11:30.888Z" },
    { url = "https://files.pythonhosted.org/packages/b7/20/adb6e6adde6d0130046e6fdfb7675cc62bc2f6b7b02239a09eb58435753d/numpy-2.4.2-cp313-cp313-musllinux_1_2_x86_64.whl", hash = "sha256:c7ac672d699bf36275c035e16b65539931347d68b70667d28984c9fb34e07fa7", size = 18334210, upload-time = "2026-01-31T23:11:33.214Z" },
    { url = "https://files.pythonhosted.org/packages/78/0e/0a73b3dff26803a8c02baa76398015ea2a5434d9b8265a7898a6028c1591/numpy-2.4.2-cp313-cp313-win32.whl", hash = "sha256:8e9afaeb0beff068b4d9cd20d322ba0ee1cecfb0b08db145e4ab4dd44a6b5110", size = 5958199, upload-time = "2026-01-31T23:11:35.385Z" },
    { url = "https://files.pythonhosted.org/packages/43/bc/6352f343522fcb2c04dbaf94cb30cca6fd32c1a750c06ad6231b4293708c/numpy-2.4.2-cp313-cp313-win_amd64.whl", hash = "sha256:7df2de1e4fba69a51c06c28f5a3de36731eb9639feb8e1cf7e4a7b0daf4cf622", size = 12310848, upload-time = "2026-01-31T23:11:38.001Z" },
    { url = "https://files.pythonhosted.org/packages/6e/8d/6da186483e308da5da1cc6918ce913dcfe14ffde98e710bfeff2a6158d4e/numpy-2.4.2-cp313-cp313-win_arm64.whl", hash = "sha256:0fece1d1f0a89c16b03442eae5c56dc0be0c7883b5d388e0c03f53019a4bfd71", size = 10221082, upload-time = "2026-01-31T23:11:40.392Z" },
    { url = "https://files.pythonhosted.org/packages/25/a1/9510aa43555b44781968935c7548a8926274f815de42ad3997e9e83680dd/numpy-2.4.2-cp313-cp313t-macosx_11_0_arm64.whl", hash = "sha256:5633c0da313330fd20c484c78cdd3f9b175b55e1a766c4a174230c6b70ad8262", size = 14815866, upload-time = "2026-01-31T23:11:42.495Z" },
    { url = "https://files.pythonhosted.org/packages/36/30/6bbb5e76631a5ae46e7923dd16ca9d3f1c93cfa8d4ed79a129814a9d8db3/numpy-2.4.2-cp313-cp313t-macosx_14_0_arm64.whl", hash = "sha256:d9f64d786b3b1dd742c946c42d15b07497ed14af1a1f3ce840cce27daa0ce913", size = 5325631, upload-time = "2026-01-31T23:11:44.7Z" },
    { url = "https://files.pythonhosted.org/packages/46/00/3a490938800c1923b567b3a15cd17896e68052e2145d8662aaf3e1ffc58f/numpy-2.4.2-cp313-cp313t-macosx_14_0_x86_64.whl", hash = "sha256:b21041e8cb6a1eb5312dd1d2f80a94d91efffb7a06b70597d44f1bd2dfc315ab", size = 6646254, upload-time = "2026-01-31T23:11:46.341Z" },
    { url = "https://files.pythonhosted.org/packages/d3/e9/fac0890149898a9b609caa5af7455a948b544746e4b8fe7c212c8edd71f8/numpy-2.4.2-cp313-cp313t-manylinux_2_27_aarch64.manylinux_2_28_aarch64.whl", hash = "sha256:00ab83c56211a1d7c07c25e3217ea6695e50a3e2f255053686b081dc0b091a82", size = 15720138, upload-time = "2026-01-31T23:11:48.082Z" },
    { url = "https://files.pythonhosted.org/packages/ea/5c/08887c54e68e1e28df53709f1893ce92932cc6f01f7c3d4dc952f61ffd4e/numpy-2.4.2-cp313-cp313t-manylinux_2_27_x86_64.manylinux_2_28_x86_64.whl", hash = "sha256:2fb882da679409066b4603579619341c6d6898fc83a8995199d5249f986e8e8f", size = 16655398, upload-time = "2026-01-31T23:11:50.293Z" },
    { url = "https://files.pythonhosted.org/packages/4d/89/253db0fa0e66e9129c745e4ef25631dc37d5f1314dad2b53e907b8538e6d/numpy-2.4.2-cp313-cp313t-musllinux_1_2_aarch64.whl", hash = "sha256:66cb9422236317f9d44b67b4d18f44efe6e9c7f8794ac0462978513359461554", size = 17079064, upload-time = "2026-01-31T23:11:52.927Z" },
    { url = "https://files.pythonhosted.org/packages/2a/d5/cbade46ce97c59c6c3da525e8d95b7abe8a42974a1dc5c1d489c10433e88/numpy-2.4.2-cp313-cp313t-musllinux_1_2_x86_64.whl", hash = "sha256:0f01dcf33e73d80bd8dc0f20a71303abbafa26a19e23f6b68d1aa9990af90257", size = 18379680, upload-time = "2026-01-31T23:11:55.22Z" },
    { url = "https://files.pythonhosted.org/packages/40/62/48f99ae172a4b63d981babe683685030e8a3df4f246c893ea5c6ef99f018/numpy-2.4.2-cp313-cp313t-win32.whl", hash = "sha256:52b913ec40ff7ae845687b0b34d8d93b60cb66dcee06996dd5c99f2fc9328657", size = 6082433, upload-time = "2026-01-31T23:11:58.096Z" },
    { url = "https://files.pythonhosted.org/packages/07/38/e054a61cfe48ad9f1ed0d188e78b7e26859d0b60ef21cd9de4897cdb5326/numpy-2.4.2-cp313-cp313t-win_amd64.whl", hash = "sha256:5eea80d908b2c1f91486eb95b3fb6fab187e569ec9752ab7d9333d2e66bf2d6b", size = 12451181, upload-time = "2026-01-31T23:11:59.782Z" },
    { url = "https://files.pythonhosted.org/packages/6e/a4/a05c3a6418575e185dd84d0b9680b6bb2e2dc3e4202f036b7b4e22d6e9dc/numpy-2.4.2-cp313-cp313t-win_arm64.whl", hash = "sha256:fd49860271d52127d61197bb50b64f58454e9f578cb4b2c001a6de8b1f50b0b1", size = 10290756, upload-time = "2026-01-31T23:12:02.438Z" },
]

[[package]]
name = "oauthlib"
version = "3.3.1"
source = { registry = "https://pypi.org/simple" }
sdist = { url = "https://files.pythonhosted.org/packages/0b/5f/19930f824ffeb0ad4372da4812c50edbd1434f678c90c2733e1188edfc63/oauthlib-3.3.1.tar.gz", hash = "sha256:0f0f8aa759826a193cf66c12ea1af1637f87b9b4622d46e866952bb022e538c9", size = 185918, upload-time = "2025-06-19T22:48:08.269Z" }
wheels = [
    { url = "https://files.pythonhosted.org/packages/be/9c/92789c596b8df838baa98fa71844d84283302f7604ed565dafe5a6b5041a/oauthlib-3.3.1-py3-none-any.whl", hash = "sha256:88119c938d2b8fb88561af5f6ee0eec8cc8d552b7bb1f712743136eb7523b7a1", size = 160065, upload-time = "2025-06-19T22:48:06.508Z" },
]

[[package]]
name = "pillow"
version = "12.1.1"
source = { registry = "https://pypi.org/simple" }
sdist = { url = "https://files.pythonhosted.org/packages/1f/42/5c74462b4fd957fcd7b13b04fb3205ff8349236ea74c7c375766d6c82288/pillow-12.1.1.tar.gz", hash = "sha256:9ad8fa5937ab05218e2b6a4cff30295ad35afd2f83ac592e68c0d871bb0fdbc4", size = 46980264, upload-time = "2026-02-11T04:23:07.146Z" }
wheels = [
    { url = "https://files.pythonhosted.org/packages/d5/11/6db24d4bd7685583caeae54b7009584e38da3c3d4488ed4cd25b439de486/pillow-12.1.1-cp313-cp313-ios_13_0_arm64_iphoneos.whl", hash = "sha256:d242e8ac078781f1de88bf823d70c1a9b3c7950a44cdf4b7c012e22ccbcd8e4e", size = 4062689, upload-time = "2026-02-11T04:21:06.804Z" },
    { url = "https://files.pythonhosted.org/packages/33/c0/ce6d3b1fe190f0021203e0d9b5b99e57843e345f15f9ef22fcd43842fd21/pillow-12.1.1-cp313-cp313-ios_13_0_arm64_iphonesimulator.whl", hash = "sha256:02f84dfad02693676692746df05b89cf25597560db2857363a208e393429f5e9", size = 4138535, upload-time = "2026-02-11T04:21:08.452Z" },
    { url = "https://files.pythonhosted.org/packages/a0/c6/d5eb6a4fb32a3f9c21a8c7613ec706534ea1cf9f4b3663e99f0d83f6fca8/pillow-12.1.1-cp313-cp313-ios_13_0_x86_64_iphonesimulator.whl", hash = "sha256:e65498daf4b583091ccbb2556c7000abf0f3349fcd57ef7adc9a84a394ed29f6", size = 3601364, upload-time = "2026-02-11T04:21:10.194Z" },
    { url = "https://files.pythonhosted.org/packages/14/a1/16c4b823838ba4c9c52c0e6bbda903a3fe5a1bdbf1b8eb4fff7156f3e318/pillow-12.1.1-cp313-cp313-macosx_10_13_x86_64.whl", hash = "sha256:6c6db3b84c87d48d0088943bf33440e0c42370b99b1c2a7989216f7b42eede60", size = 5262561, upload-time = "2026-02-11T04:21:11.742Z" },
    { url = "https://files.pythonhosted.org/packages/bb/ad/ad9dc98ff24f485008aa5cdedaf1a219876f6f6c42a4626c08bc4e80b120/pillow-12.1.1-cp313-cp313-macosx_11_0_arm64.whl", hash = "sha256:8b7e5304e34942bf62e15184219a7b5ad4ff7f3bb5cca4d984f37df1a0e1aee2", size = 4657460, upload-time = "2026-02-11T04:21:13.786Z" },
    { url = "https://files.pythonhosted.org/packages/9e/1b/f1a4ea9a895b5732152789326202a82464d5254759fbacae4deea3069334/pillow-12.1.1-cp313-cp313-manylinux2014_aarch64.manylinux_2_17_aarch64.whl", hash = "sha256:18e5bddd742a44b7e6b1e773ab5db102bd7a94c32555ba656e76d319d19c3850", size = 6232698, upload-time = "2026-02-11T04:21:15.949Z" },
    { url = "https://files.pythonhosted.org/packages/95/f4/86f51b8745070daf21fd2e5b1fe0eb35d4db9ca26e6d58366562fb56a743/pillow-12.1.1-cp313-cp313-manylinux2014_x86_64.manylinux_2_17_x86_64.whl", hash = "sha256:fc44ef1f3de4f45b50ccf9136999d71abb99dca7706bc75d222ed350b9fd2289", size = 8041706, upload-time = "2026-02-11T04:21:17.723Z" },
    { url = "https://files.pythonhosted.org/packages/29/9b/d6ecd956bb1266dd1045e995cce9b8d77759e740953a1c9aad9502a0461e/pillow-12.1.1-cp313-cp313-manylinux_2_27_aarch64.manylinux_2_28_aarch64.whl", hash = "sha256:5a8eb7ed8d4198bccbd07058416eeec51686b498e784eda166395a23eb99138e", size = 6346621, upload-time = "2026-02-11T04:21:19.547Z" },
    { url = "https://files.pythonhosted.org/packages/71/24/538bff45bde96535d7d998c6fed1a751c75ac7c53c37c90dc2601b243893/pillow-12.1.1-cp313-cp313-manylinux_2_27_x86_64.manylinux_2_28_x86_64.whl", hash = "sha256:47b94983da0c642de92ced1702c5b6c292a84bd3a8e1d1702ff923f183594717", size = 7038069, upload-time = "2026-02-11T04:21:21.378Z" },
    { url = "https://files.pythonhosted.org/packages/94/0e/58cb1a6bc48f746bc4cb3adb8cabff73e2742c92b3bf7a220b7cf69b9177/pillow-12.1.1-cp313-cp313-musllinux_1_2_aarch64.whl", hash = "sha256:518a48c2aab7ce596d3bf79d0e275661b846e86e4d0e7dec34712c30fe07f02a", size = 6460040, upload-time = "2026-02-11T04:21:23.148Z" },
    { url = "https://files.pythonhosted.org/packages/6c/57/9045cb3ff11eeb6c1adce3b2d60d7d299d7b273a2e6c8381a524abfdc474/pillow-12.1.1-cp313-cp313-musllinux_1_2_x86_64.whl", hash = "sha256:a550ae29b95c6dc13cf69e2c9dc5747f814c54eeb2e32d683e5e93af56caa029", size = 7164523, upload-time = "2026-02-11T04:21:25.01Z" },
    { url = "https://files.pythonhosted.org/packages/73/f2/9be9cb99f2175f0d4dbadd6616ce1bf068ee54a28277ea1bf1fbf729c250/pillow-12.1.1-cp313-cp313-win32.whl", hash = "sha256:a003d7422449f6d1e3a34e3dd4110c22148336918ddbfc6a32581cd54b2e0b2b", size = 6332552, upload-time = "2026-02-11T04:21:27.238Z" },
    { url = "https://files.pythonhosted.org/packages/3f/eb/b0834ad8b583d7d9d42b80becff092082a1c3c156bb582590fcc973f1c7c/pillow-12.1.1-cp313-cp313-win_amd64.whl", hash = "sha256:344cf1e3dab3be4b1fa08e449323d98a2a3f819ad20f4b22e77a0ede31f0faa1", size = 7040108, upload-time = "2026-02-11T04:21:29.462Z" },
    { url = "https://files.pythonhosted.org/packages/d5/7d/fc09634e2aabdd0feabaff4a32f4a7d97789223e7c2042fd805ea4b4d2c2/pillow-12.1.1-cp313-cp313-win_arm64.whl", hash = "sha256:5c0dd1636633e7e6a0afe7bf6a51a14992b7f8e60de5789018ebbdfae55b040a", size = 2453712, upload-time = "2026-02-11T04:21:31.072Z" },
    { url = "https://files.pythonhosted.org/packages/19/2a/b9d62794fc8a0dd14c1943df68347badbd5511103e0d04c035ffe5cf2255/pillow-12.1.1-cp313-cp313t-macosx_10_13_x86_64.whl", hash = "sha256:0330d233c1a0ead844fc097a7d16c0abff4c12e856c0b325f231820fee1f39da", size = 5264880, upload-time = "2026-02-11T04:21:32.865Z" },
    { url = "https://files.pythonhosted.org/packages/26/9d/e03d857d1347fa5ed9247e123fcd2a97b6220e15e9cb73ca0a8d91702c6e/pillow-12.1.1-cp313-cp313t-macosx_11_0_arm64.whl", hash = "sha256:5dae5f21afb91322f2ff791895ddd8889e5e947ff59f71b46041c8ce6db790bc", size = 4660616, upload-time = "2026-02-11T04:21:34.97Z" },
    { url = "https://files.pythonhosted.org/packages/f7/ec/8a6d22afd02570d30954e043f09c32772bfe143ba9285e2fdb11284952cd/pillow-12.1.1-cp313-cp313t-manylinux2014_aarch64.manylinux_2_17_aarch64.whl", hash = "sha256:2e0c664be47252947d870ac0d327fea7e63985a08794758aa8af5b6cb6ec0c9c", size = 6269008, upload-time = "2026-02-11T04:21:36.623Z" },
    { url = "https://files.pythonhosted.org/packages/3d/1d/6d875422c9f28a4a361f495a5f68d9de4a66941dc2c619103ca335fa6446/pillow-12.1.1-cp313-cp313t-manylinux2014_x86_64.manylinux_2_17_x86_64.whl", hash = "sha256:691ab2ac363b8217f7d31b3497108fb1f50faab2f75dfb03284ec2f217e87bf8", size = 8073226, upload-time = "2026-02-11T04:21:38.585Z" },
    { url = "https://files.pythonhosted.org/packages/a1/cd/134b0b6ee5eda6dc09e25e24b40fdafe11a520bc725c1d0bbaa5e00bf95b/pillow-12.1.1-cp313-cp313t-manylinux_2_27_aarch64.manylinux_2_28_aarch64.whl", hash = "sha256:e9e8064fb1cc019296958595f6db671fba95209e3ceb0c4734c9baf97de04b20", size = 6380136, upload-time = "2026-02-11T04:21:40.562Z" },
    { url = "https://files.pythonhosted.org/packages/7a/a9/7628f013f18f001c1b98d8fffe3452f306a70dc6aba7d931019e0492f45e/pillow-12.1.1-cp313-cp313t-manylinux_2_27_x86_64.manylinux_2_28_x86_64.whl", hash = "sha256:472a8d7ded663e6162dafdf20015c486a7009483ca671cece7a9279b512fcb13", size = 7067129, upload-time = "2026-02-11T04:21:42.521Z" },
    { url = "https://files.pythonhosted.org/packages/1e/f8/66ab30a2193b277785601e82ee2d49f68ea575d9637e5e234faaa98efa4c/pillow-12.1.1-cp313-cp313t-musllinux_1_2_aarch64.whl", hash = "sha256:89b54027a766529136a06cfebeecb3a04900397a3590fd252160b888479517bf", size = 6491807, upload-time = "2026-02-11T04:21:44.22Z" },
    { url = "https://files.pythonhosted.org/packages/da/0b/a877a6627dc8318fdb84e357c5e1a758c0941ab1ddffdafd231983788579/pillow-12.1.1-cp313-cp313t-musllinux_1_2_x86_64.whl", hash = "sha256:86172b0831b82ce4f7877f280055892b31179e1576aa00d0df3bb1bbf8c3e524", size = 7190954, upload-time = "2026-02-11T04:21:46.114Z" },
    { url = "https://files.pythonhosted.org/packages/83/43/6f732ff85743cf746b1361b91665d9f5155e1483817f693f8d57ea93147f/pillow-12.1.1-cp313-cp313t-win32.whl", hash = "sha256:44ce27545b6efcf0fdbdceb31c9a5bdea9333e664cda58a7e674bb74608b3986", size = 6336441, upload-time = "2026-02-11T04:21:48.22Z" },
    { url = "https://files.pythonhosted.org/packages/3b/44/e865ef3986611bb75bfabdf94a590016ea327833f434558801122979cd0e/pillow-12.1.1-cp313-cp313t-win_amd64.whl", hash = "sha256:a285e3eb7a5a45a2ff504e31f4a8d1b12ef62e84e5411c6804a42197c1cf586c", size = 7045383, upload-time = "2026-02-11T04:21:50.015Z" },
    { url = "https://files.pythonhosted.org/packages/a8/c6/f4fb24268d0c6908b9f04143697ea18b0379490cb74ba9e8d41b898bd005/pillow-12.1.1-cp313-cp313t-win_arm64.whl", hash = "sha256:cc7d296b5ea4d29e6570dabeaed58d31c3fea35a633a69679fb03d7664f43fb3", size = 2456104, upload-time = "2026-02-11T04:21:51.633Z" },
]

[[package]]
name = "pywavelets"
version = "1.9.0"
source = { registry = "https://pypi.org/simple" }
dependencies = [
    { name = "numpy" },
]
sdist = { url = "https://files.pythonhosted.org/packages/5a/75/50581633d199812205ea8cdd0f6d52f12a624886b74bf1486335b67f01ff/pywavelets-1.9.0.tar.gz", hash = "sha256:148d12203377772bea452a59211d98649c8ee4a05eff019a9021853a36babdc8", size = 3938340, upload-time = "2025-08-04T16:20:04.978Z" }
wheels = [
    { url = "https://files.pythonhosted.org/packages/db/a7/dec4e450675d62946ad975f5b4d924437df42d2fae46e91dfddda2de0f5a/pywavelets-1.9.0-cp313-cp313-macosx_10_13_x86_64.whl", hash = "sha256:74f8455c143818e4b026fc67b27fd82f38e522701b94b8a6d1aaf3a45fcc1a25", size = 4316201, upload-time = "2025-08-04T16:19:16.259Z" },
    { url = "https://files.pythonhosted.org/packages/aa/0c/b54b86596c0df68027e48c09210e907e628435003e77048384a2dd6767e3/pywavelets-1.9.0-cp313-cp313-macosx_11_0_arm64.whl", hash = "sha256:c50320fe0a4a23ddd8835b3dc9b53b09ee05c7cc6c56b81d0916f04fc1649070", size = 4286838, upload-time = "2025-08-04T16:19:17.92Z" },
    { url = "https://files.pythonhosted.org/packages/5a/9c/333969c3baad8af2e7999e83addcb7bb1d1fd48e2d812fb27e2e89582cb1/pywavelets-1.9.0-cp313-cp313-manylinux_2_27_aarch64.manylinux_2_28_aarch64.whl", hash = "sha256:d6e059265223ed659e5214ab52a84883c88ddf3decbf08d7ec6abb8e4c5ed7be", size = 4430753, upload-time = "2025-08-04T16:19:19.529Z" },
    { url = "https://files.pythonhosted.org/packages/e5/1b/a24c6ff03b026b826ad7b9267bd63cd34ce026795a0302f8a5403840b8e7/pywavelets-1.9.0-cp313-cp313-manylinux_2_27_x86_64.manylinux_2_28_x86_64.whl", hash = "sha256:ae10ed46c139c7ddb8b1249cfe0989f8ccb610d93f2899507b1b1573a0e424b5", size = 4491315, upload-time = "2025-08-04T16:19:20.717Z" },
    { url = "https://files.pythonhosted.org/packages/d7/c7/e3fbb502fca3469e51ced4f1e1326364c338be91edc5db5a8ddd26b303fa/pywavelets-1.9.0-cp313-cp313-musllinux_1_2_aarch64.whl", hash = "sha256:c8f8b1cc2df012401cb837ee6fa2f59607c7b4fe0ff409d9a4f6906daf40dc86", size = 4437654, upload-time = "2025-08-04T16:19:22.359Z" },
    { url = "https://files.pythonhosted.org/packages/92/44/c9b25084048d9324881a19b88e0969a4141bcfdc1d218f1b4b680b7af1c1/pywavelets-1.9.0-cp313-cp313-musllinux_1_2_x86_64.whl", hash = "sha256:db43969c7a8fbb17693ecfd14f21616edc3b29f0e47a49b32fa4127c01312a67", size = 4496435, upload-time = "2025-08-04T16:19:23.842Z" },
    { url = "https://files.pythonhosted.org/packages/cd/b6/b27ec18c72b1dee3314e297af39c5f8136d43cc130dd93cb6c178ca820e5/pywavelets-1.9.0-cp313-cp313-win32.whl", hash = "sha256:9e7d60819d87dcd6c68a2d1bc1d37deb1f4d96607799ab6a25633ea484dcda41", size = 4132709, upload-time = "2025-08-04T16:19:25.415Z" },
    { url = "https://files.pythonhosted.org/packages/0a/87/78ef3f9fb36cdb16ee82371d22c3a7c89eeb79ec8c9daef6222060da6c79/pywavelets-1.9.0-cp313-cp313-win_amd64.whl", hash = "sha256:0d70da9d7858c869e24dc254f16a61dc09d8a224cad85a10c393b2eccddeb126", size = 4213377, upload-time = "2025-08-04T16:19:26.875Z" },
    { url = "https://files.pythonhosted.org/packages/8b/cd/ca0d9db0ff29e3843f6af60c2f5eb588794e05ca8eeb872a595867b1f3f5/pywavelets-1.9.0-cp313-cp313t-macosx_10_13_x86_64.whl", hash = "sha256:4dc85f44c38d76a184a1aa2cb038f802c3740428c9bb877525f4be83a223b134", size = 4354336, upload-time = "2025-08-04T16:19:28.745Z" },
    { url = "https://files.pythonhosted.org/packages/82/d6/70afefcc1139f37d02018a3b1dba3b8fc87601bb7707d9616b7f7a76e269/pywavelets-1.9.0-cp313-cp313t-macosx_11_0_arm64.whl", hash = "sha256:7acf6f950c6deaecd210fbff44421f234a8ca81eb6f4da945228e498361afa9d", size = 4335721, upload-time = "2025-08-04T16:19:30.371Z" },
    { url = "https://files.pythonhosted.org/packages/cd/3a/713f731b9ed6df0c36269c8fb62be8bb28eb343b9e26b13d6abda37bce38/pywavelets-1.9.0-cp313-cp313t-manylinux_2_27_aarch64.manylinux_2_28_aarch64.whl", hash = "sha256:144d4fc15c98da56654d0dca2d391b812b8d04127b194a37ad4a497f8e887141", size = 4418702, upload-time = "2025-08-04T16:19:31.743Z" },
    { url = "https://files.pythonhosted.org/packages/44/e8/f801eb4b5f7a316ba20054948c5d6b27b879c77fab2674942e779974bd86/pywavelets-1.9.0-cp313-cp313t-manylinux_2_27_x86_64.manylinux_2_28_x86_64.whl", hash = "sha256:1aa3729585408a979d655736f74b995b511c86b9be1544f95d4a3142f8f4b8b5", size = 4470023, upload-time = "2025-08-04T16:19:32.963Z" },
    { url = "https://files.pythonhosted.org/packages/e9/cc/44b002cb16f2a392f2082308dd470b3f033fa4925d3efa7c46f790ce895a/pywavelets-1.9.0-cp313-cp313t-musllinux_1_2_aarch64.whl", hash = "sha256:e0e24ad6b8eb399c49606dd1fcdcbf9749ad7f6d638be3fe6f59c1f3098821e2", size = 4426498, upload-time = "2025-08-04T16:19:34.151Z" },
    { url = "https://files.pythonhosted.org/packages/91/fe/2b70276ede7878c5fe8356ca07574db5da63e222ce39a463e84bfad135e8/pywavelets-1.9.0-cp313-cp313t-musllinux_1_2_x86_64.whl", hash = "sha256:3830e6657236b53a3aae20c735cccead942bb97c54bbca9e7d07bae01645fe9c", size = 4477528, upload-time = "2025-08-04T16:19:35.932Z" },
    { url = "https://files.pythonhosted.org/packages/e7/ed/d58b540c15e36508cfeded7b0d39493e811b0dce18d9d4e6787fb2e89685/pywavelets-1.9.0-cp313-cp313t-win32.whl", hash = "sha256:81bb65facfbd7b50dec50450516e72cdc51376ecfdd46f2e945bb89d39bfb783", size = 4186493, upload-time = "2025-08-04T16:19:37.198Z" },
    { url = "https://files.pythonhosted.org/packages/84/b2/12a849650d618a86bbe4d8876c7e20a7afe59a8cad6f49c57eca9af26dfa/pywavelets-1.9.0-cp313-cp313t-win_amd64.whl", hash = "sha256:47d52cf35e2afded8cfe1133663f6f67106a3220b77645476ae660ad34922cb4", size = 4274821, upload-time = "2025-08-04T16:19:38.436Z" },
]

[[package]]
name = "repath"
version = "0.9.0"
source = { registry = "https://pypi.org/simple" }
dependencies = [
    { name = "six" },
]
sdist = { url = "https://files.pythonhosted.org/packages/65/e1/824989291d0f01886074fdf9504ba54598f5665bc4dd373b589b87e76608/repath-0.9.0.tar.gz", hash = "sha256:8292139bac6a0e43fd9d70605d4e8daeb25d46672e484ed31a24c7ce0aef0fb7", size = 5492, upload-time = "2019-10-08T00:25:22.3Z" }
wheels = [
    { url = "https://files.pythonhosted.org/packages/87/ed/92e9b8a3ffc562f21df14ef2538f54e911df29730e1f0d79130a4edc86e7/repath-0.9.0-py3-none-any.whl", hash = "sha256:ee079d6c91faeb843274d22d8f786094ee01316ecfe293a1eb6546312bb6a318", size = 4738, upload-time = "2019-10-08T00:25:20.842Z" },
]

[[package]]
name = "scipy"
version = "1.17.0"
source = { registry = "https://pypi.org/simple" }
dependencies = [
    { name = "numpy" },
]
sdist = { url = "https://files.pythonhosted.org/packages/56/3e/9cca699f3486ce6bc12ff46dc2031f1ec8eb9ccc9a320fdaf925f1417426/scipy-1.17.0.tar.gz", hash = "sha256:2591060c8e648d8b96439e111ac41fd8342fdeff1876be2e19dea3fe8930454e", size = 30396830, upload-time = "2026-01-10T21:34:23.009Z" }
wheels = [
    { url = "https://files.pythonhosted.org/packages/0c/51/3468fdfd49387ddefee1636f5cf6d03ce603b75205bf439bbf0e62069bfd/scipy-1.17.0-cp313-cp313-macosx_10_14_x86_64.whl", hash = "sha256:65ec32f3d32dfc48c72df4291345dae4f048749bc8d5203ee0a3f347f96c5ce6", size = 31344101, upload-time = "2026-01-10T21:26:30.25Z" },
    { url = "https://files.pythonhosted.org/packages/b2/9a/9406aec58268d437636069419e6977af953d1e246df941d42d3720b7277b/scipy-1.17.0-cp313-cp313-macosx_12_0_arm64.whl", hash = "sha256:1f9586a58039d7229ce77b52f8472c972448cded5736eaf102d5658bbac4c269", size = 27950385, upload-time = "2026-01-10T21:26:36.801Z" },
    { url = "https://files.pythonhosted.org/packages/4f/98/e7342709e17afdfd1b26b56ae499ef4939b45a23a00e471dfb5375eea205/scipy-1.17.0-cp313-cp313-macosx_14_0_arm64.whl", hash = "sha256:9fad7d3578c877d606b1150135c2639e9de9cecd3705caa37b66862977cc3e72", size = 20122115, upload-time = "2026-01-10T21:26:42.107Z" },
    { url = "https://files.pythonhosted.org/packages/fd/0e/9eeeb5357a64fd157cbe0302c213517c541cc16b8486d82de251f3c68ede/scipy-1.17.0-cp313-cp313-macosx_14_0_x86_64.whl", hash = "sha256:423ca1f6584fc03936972b5f7c06961670dbba9f234e71676a7c7ccf938a0d61", size = 22442402, upload-time = "2026-01-10T21:26:48.029Z" },
    { url = "https://files.pythonhosted.org/packages/c9/10/be13397a0e434f98e0c79552b2b584ae5bb1c8b2be95db421533bbca5369/scipy-1.17.0-cp313-cp313-manylinux_2_27_aarch64.manylinux_2_28_aarch64.whl", hash = "sha256:fe508b5690e9eaaa9467fc047f833af58f1152ae51a0d0aed67aa5801f4dd7d6", size = 32696338, upload-time = "2026-01-10T21:26:55.521Z" },
    { url = "https://files.pythonhosted.org/packages/63/1e/12fbf2a3bb240161651c94bb5cdd0eae5d4e8cc6eaeceb74ab07b12a753d/scipy-1.17.0-cp313-cp313-manylinux_2_27_x86_64.manylinux_2_28_x86_64.whl", hash = "sha256:6680f2dfd4f6182e7d6db161344537da644d1cf85cf293f015c60a17ecf08752", size = 34977201, upload-time = "2026-01-10T21:27:03.501Z" },
    { url = "https://files.pythonhosted.org/packages/19/5b/1a63923e23ccd20bd32156d7dd708af5bbde410daa993aa2500c847ab2d2/scipy-1.17.0-cp313-cp313-musllinux_1_2_aarch64.whl", hash = "sha256:eec3842ec9ac9de5917899b277428886042a93db0b227ebbe3a333b64ec7643d", size = 34777384, upload-time = "2026-01-10T21:27:11.423Z" },
    { url = "https://files.pythonhosted.org/packages/39/22/b5da95d74edcf81e540e467202a988c50fef41bd2011f46e05f72ba07df6/scipy-1.17.0-cp313-cp313-musllinux_1_2_x86_64.whl", hash = "sha256:d7425fcafbc09a03731e1bc05581f5fad988e48c6a861f441b7ab729a49a55ea", size = 37379586, upload-time = "2026-01-10T21:27:20.171Z" },
    { url = "https://files.pythonhosted.org/packages/b9/b6/8ac583d6da79e7b9e520579f03007cb006f063642afd6b2eeb16b890bf93/scipy-1.17.0-cp313-cp313-win_amd64.whl", hash = "sha256:87b411e42b425b84777718cc41516b8a7e0795abfa8e8e1d573bf0ef014f0812", size = 36287211, upload-time = "2026-01-10T21:28:43.122Z" },
    { url = "https://files.pythonhosted.org/packages/55/fb/7db19e0b3e52f882b420417644ec81dd57eeef1bd1705b6f689d8ff93541/scipy-1.17.0-cp313-cp313-win_arm64.whl", hash = "sha256:357ca001c6e37601066092e7c89cca2f1ce74e2a520ca78d063a6d2201101df2", size = 24312646, upload-time = "2026-01-10T21:28:49.893Z" },
    { url = "https://files.pythonhosted.org/packages/20/b6/7feaa252c21cc7aff335c6c55e1b90ab3e3306da3f048109b8b639b94648/scipy-1.17.0-cp313-cp313t-macosx_10_14_x86_64.whl", hash = "sha256:ec0827aa4d36cb79ff1b81de898e948a51ac0b9b1c43e4a372c0508c38c0f9a3", size = 31693194, upload-time = "2026-01-10T21:27:27.454Z" },
    { url = "https://files.pythonhosted.org/packages/76/bb/bbb392005abce039fb7e672cb78ac7d158700e826b0515cab6b5b60c26fb/scipy-1.17.0-cp313-cp313t-macosx_12_0_arm64.whl", hash = "sha256:819fc26862b4b3c73a60d486dbb919202f3d6d98c87cf20c223511429f2d1a97", size = 28365415, upload-time = "2026-01-10T21:27:34.26Z" },
    { url = "https://files.pythonhosted.org/packages/37/da/9d33196ecc99fba16a409c691ed464a3a283ac454a34a13a3a57c0d66f3a/scipy-1.17.0-cp313-cp313t-macosx_14_0_arm64.whl", hash = "sha256:363ad4ae2853d88ebcde3ae6ec46ccca903ea9835ee8ba543f12f575e7b07e4e", size = 20537232, upload-time = "2026-01-10T21:27:40.306Z" },
    { url = "https://files.pythonhosted.org/packages/56/9d/f4b184f6ddb28e9a5caea36a6f98e8ecd2a524f9127354087ce780885d83/scipy-1.17.0-cp313-cp313t-macosx_14_0_x86_64.whl", hash = "sha256:979c3a0ff8e5ba254d45d59ebd38cde48fce4f10b5125c680c7a4bfe177aab07", size = 22791051, upload-time = "2026-01-10T21:27:46.539Z" },
    { url = "https://files.pythonhosted.org/packages/9b/9d/025cccdd738a72140efc582b1641d0dd4caf2e86c3fb127568dc80444e6e/scipy-1.17.0-cp313-cp313t-manylinux_2_27_aarch64.manylinux_2_28_aarch64.whl", hash = "sha256:130d12926ae34399d157de777472bf82e9061c60cc081372b3118edacafe1d00", size = 32815098, upload-time = "2026-01-10T21:27:54.389Z" },
    { url = "https://files.pythonhosted.org/packages/48/5f/09b879619f8bca15ce392bfc1894bd9c54377e01d1b3f2f3b595a1b4d945/scipy-1.17.0-cp313-cp313t-manylinux_2_27_x86_64.manylinux_2_28_x86_64.whl", hash = "sha256:6e886000eb4919eae3a44f035e63f0fd8b651234117e8f6f29bad1cd26e7bc45", size = 35031342, upload-time = "2026-01-10T21:28:03.012Z" },
    { url = "https://files.pythonhosted.org/packages/f2/9a/f0f0a9f0aa079d2f106555b984ff0fbb11a837df280f04f71f056ea9c6e4/scipy-1.17.0-cp313-cp313t-musllinux_1_2_aarch64.whl", hash = "sha256:13c4096ac6bc31d706018f06a49abe0485f96499deb82066b94d19b02f664209", size = 34893199, upload-time = "2026-01-10T21:28:10.832Z" },
    { url = "https://files.pythonhosted.org/packages/90/b8/4f0f5cf0c5ea4d7548424e6533e6b17d164f34a6e2fb2e43ffebb6697b06/scipy-1.17.0-cp313-cp313t-musllinux_1_2_x86_64.whl", hash = "sha256:cacbaddd91fcffde703934897c5cd2c7cb0371fac195d383f4e1f1c5d3f3bd04", size = 37438061, upload-time = "2026-01-10T21:28:19.684Z" },
    { url = "https://files.pythonhosted.org/packages/f9/cc/2bd59140ed3b2fa2882fb15da0a9cb1b5a6443d67cfd0d98d4cec83a57ec/scipy-1.17.0-cp313-cp313t-win_amd64.whl", hash = "sha256:edce1a1cf66298cccdc48a1bdf8fb10a3bf58e8b58d6c3883dd1530e103f87c0", size = 36328593, upload-time = "2026-01-10T21:28:28.007Z" },
    { url = "https://files.pythonhosted.org/packages/13/1b/c87cc44a0d2c7aaf0f003aef2904c3d097b422a96c7e7c07f5efd9073c1b/scipy-1.17.0-cp313-cp313t-win_arm64.whl", hash = "sha256:30509da9dbec1c2ed8f168b8d8aa853bc6723fede1dbc23c7d43a56f5ab72a67", size = 24625083, upload-time = "2026-01-10T21:28:35.188Z" },
]

[[package]]
name = "six"
version = "1.17.0"
source = { registry = "https://pypi.org/simple" }
sdist = { url = "https://files.pythonhosted.org/packages/94/e7/b2c673351809dca68a0e064b6af791aa332cf192da575fd474ed7d6f16a2/six-1.17.0.tar.gz", hash = "sha256:ff70335d468e7eb6ec65b95b99d3a2836546063f63acc5171de367e834932a81", size = 34031, upload-time = "2024-12-04T17:35:28.174Z" }
wheels = [
    { url = "https://files.pythonhosted.org/packages/b7/ce/149a00dd41f10bc29e5921b496af8b574d8413afcd5e30dfa0ed46c2cc5e/six-1.17.0-py2.py3-none-any.whl", hash = "sha256:4721f391ed90541fddacab5acf947aa0d3dc7d27b2e1e8eda2be8970586c3274", size = 11050, upload-time = "2024-12-04T17:35:26.475Z" },
]
